// !$*UTF8*$!
{
	archiveVersion = 1;
	classes = {
	};
	objectVersion = 50;
	objects = {

/* Begin PBXBuildFile section */
		CA6B1D4F22B241C90029BC9E /* AppDelegate.swift in Sources */ = {isa = PBXBuildFile; fileRef = CA6B1D4E22B241C90029BC9E /* AppDelegate.swift */; };
		CA6B1D5122B241C90029BC9E /* ViewController.swift in Sources */ = {isa = PBXBuildFile; fileRef = CA6B1D5022B241C90029BC9E /* ViewController.swift */; };
		CA6B1D5422B241C90029BC9E /* Main.storyboard in Resources */ = {isa = PBXBuildFile; fileRef = CA6B1D5222B241C90029BC9E /* Main.storyboard */; };
		CA6B1D5722B241C90029BC9E /* CoreDataToDo.xcdatamodeld in Sources */ = {isa = PBXBuildFile; fileRef = CA6B1D5522B241C90029BC9E /* CoreDataToDo.xcdatamodeld */; };
		CA6B1D5922B241CB0029BC9E /* Assets.xcassets in Resources */ = {isa = PBXBuildFile; fileRef = CA6B1D5822B241CB0029BC9E /* Assets.xcassets */; };
		CA6B1D5C22B241CB0029BC9E /* LaunchScreen.storyboard in Resources */ = {isa = PBXBuildFile; fileRef = CA6B1D5A22B241CB0029BC9E /* LaunchScreen.storyboard */; };
		CA6B1D6722B241CB0029BC9E /* CoreDataToDoTests.swift in Sources */ = {isa = PBXBuildFile; fileRef = CA6B1D6622B241CB0029BC9E /* CoreDataToDoTests.swift */; };
		CA6B1D7222B241CB0029BC9E /* CoreDataToDoUITests.swift in Sources */ = {isa = PBXBuildFile; fileRef = CA6B1D7122B241CB0029BC9E /* CoreDataToDoUITests.swift */; };
		CA6B1D8022B243260029BC9E /* Constants.swift in Sources */ = {isa = PBXBuildFile; fileRef = CA6B1D7F22B243260029BC9E /* Constants.swift */; };
/* End PBXBuildFile section */

/* Begin PBXContainerItemProxy section */
		CA6B1D6322B241CB0029BC9E /* PBXContainerItemProxy */ = {
			isa = PBXContainerItemProxy;
			containerPortal = CA6B1D4322B241C90029BC9E /* Project object */;
			proxyType = 1;
			remoteGlobalIDString = CA6B1D4A22B241C90029BC9E;
			remoteInfo = CoreDataToDo;
		};
		CA6B1D6E22B241CB0029BC9E /* PBXContainerItemProxy */ = {
			isa = PBXContainerItemProxy;
			containerPortal = CA6B1D4322B241C90029BC9E /* Project object */;
			proxyType = 1;
			remoteGlobalIDString = CA6B1D4A22B241C90029BC9E;
			remoteInfo = CoreDataToDo;
		};
/* End PBXContainerItemProxy section */

/* Begin PBXFileReference section */
		CA6B1D4B22B241C90029BC9E /* CoreDataToDo.app */ = {isa = PBXFileReference; explicitFileType = wrapper.application; includeInIndex = 0; path = CoreDataToDo.app; sourceTree = BUILT_PRODUCTS_DIR; };
		CA6B1D4E22B241C90029BC9E /* AppDelegate.swift */ = {isa = PBXFileReference; lastKnownFileType = sourcecode.swift; path = AppDelegate.swift; sourceTree = "<group>"; };
		CA6B1D5022B241C90029BC9E /* ViewController.swift */ = {isa = PBXFileReference; lastKnownFileType = sourcecode.swift; path = ViewController.swift; sourceTree = "<group>"; };
		CA6B1D5322B241C90029BC9E /* Base */ = {isa = PBXFileReference; lastKnownFileType = file.storyboard; name = Base; path = Base.lproj/Main.storyboard; sourceTree = "<group>"; };
		CA6B1D5622B241C90029BC9E /* CoreDataToDo.xcdatamodel */ = {isa = PBXFileReference; lastKnownFileType = wrapper.xcdatamodel; path = CoreDataToDo.xcdatamodel; sourceTree = "<group>"; };
		CA6B1D5822B241CB0029BC9E /* Assets.xcassets */ = {isa = PBXFileReference; lastKnownFileType = folder.assetcatalog; path = Assets.xcassets; sourceTree = "<group>"; };
		CA6B1D5B22B241CB0029BC9E /* Base */ = {isa = PBXFileReference; lastKnownFileType = file.storyboard; name = Base; path = Base.lproj/LaunchScreen.storyboard; sourceTree = "<group>"; };
		CA6B1D5D22B241CB0029BC9E /* Info.plist */ = {isa = PBXFileReference; lastKnownFileType = text.plist.xml; path = Info.plist; sourceTree = "<group>"; };
		CA6B1D6222B241CB0029BC9E /* CoreDataToDoTests.xctest */ = {isa = PBXFileReference; explicitFileType = wrapper.cfbundle; includeInIndex = 0; path = CoreDataToDoTests.xctest; sourceTree = BUILT_PRODUCTS_DIR; };
		CA6B1D6622B241CB0029BC9E /* CoreDataToDoTests.swift */ = {isa = PBXFileReference; lastKnownFileType = sourcecode.swift; path = CoreDataToDoTests.swift; sourceTree = "<group>"; };
		CA6B1D6822B241CB0029BC9E /* Info.plist */ = {isa = PBXFileReference; lastKnownFileType = text.plist.xml; path = Info.plist; sourceTree = "<group>"; };
		CA6B1D6D22B241CB0029BC9E /* CoreDataToDoUITests.xctest */ = {isa = PBXFileReference; explicitFileType = wrapper.cfbundle; includeInIndex = 0; path = CoreDataToDoUITests.xctest; sourceTree = BUILT_PRODUCTS_DIR; };
		CA6B1D7122B241CB0029BC9E /* CoreDataToDoUITests.swift */ = {isa = PBXFileReference; lastKnownFileType = sourcecode.swift; path = CoreDataToDoUITests.swift; sourceTree = "<group>"; };
		CA6B1D7322B241CB0029BC9E /* Info.plist */ = {isa = PBXFileReference; lastKnownFileType = text.plist.xml; path = Info.plist; sourceTree = "<group>"; };
		CA6B1D7F22B243260029BC9E /* Constants.swift */ = {isa = PBXFileReference; lastKnownFileType = sourcecode.swift; path = Constants.swift; sourceTree = "<group>"; };
/* End PBXFileReference section */

/* Begin PBXFrameworksBuildPhase section */
		CA6B1D4822B241C90029BC9E /* Frameworks */ = {
			isa = PBXFrameworksBuildPhase;
			buildActionMask = 2147483647;
			files = (
			);
			runOnlyForDeploymentPostprocessing = 0;
		};
		CA6B1D5F22B241CB0029BC9E /* Frameworks */ = {
			isa = PBXFrameworksBuildPhase;
			buildActionMask = 2147483647;
			files = (
			);
			runOnlyForDeploymentPostprocessing = 0;
		};
		CA6B1D6A22B241CB0029BC9E /* Frameworks */ = {
			isa = PBXFrameworksBuildPhase;
			buildActionMask = 2147483647;
			files = (
			);
			runOnlyForDeploymentPostprocessing = 0;
		};
/* End PBXFrameworksBuildPhase section */

/* Begin PBXGroup section */
		CA6B1D4222B241C90029BC9E = {
			isa = PBXGroup;
			children = (
				CA6B1D4D22B241C90029BC9E /* CoreDataToDo */,
				CA6B1D6522B241CB0029BC9E /* CoreDataToDoTests */,
				CA6B1D7022B241CB0029BC9E /* CoreDataToDoUITests */,
				CA6B1D4C22B241C90029BC9E /* Products */,
			);
			sourceTree = "<group>";
		};
		CA6B1D4C22B241C90029BC9E /* Products */ = {
			isa = PBXGroup;
			children = (
				CA6B1D4B22B241C90029BC9E /* CoreDataToDo.app */,
				CA6B1D6222B241CB0029BC9E /* CoreDataToDoTests.xctest */,
				CA6B1D6D22B241CB0029BC9E /* CoreDataToDoUITests.xctest */,
			);
			name = Products;
			sourceTree = "<group>";
		};
		CA6B1D4D22B241C90029BC9E /* CoreDataToDo */ = {
			isa = PBXGroup;
			children = (
				CA6B1D4E22B241C90029BC9E /* AppDelegate.swift */,
				CA6B1D7F22B243260029BC9E /* Constants.swift */,
				CA6B1D5022B241C90029BC9E /* ViewController.swift */,
				CA6B1D5222B241C90029BC9E /* Main.storyboard */,
				CA6B1D5822B241CB0029BC9E /* Assets.xcassets */,
				CA6B1D5A22B241CB0029BC9E /* LaunchScreen.storyboard */,
				CA6B1D5D22B241CB0029BC9E /* Info.plist */,
				CA6B1D5522B241C90029BC9E /* CoreDataToDo.xcdatamodeld */,
			);
			path = CoreDataToDo;
			sourceTree = "<group>";
		};
		CA6B1D6522B241CB0029BC9E /* CoreDataToDoTests */ = {
			isa = PBXGroup;
			children = (
				CA6B1D6622B241CB0029BC9E /* CoreDataToDoTests.swift */,
				CA6B1D6822B241CB0029BC9E /* Info.plist */,
			);
			path = CoreDataToDoTests;
			sourceTree = "<group>";
		};
		CA6B1D7022B241CB0029BC9E /* CoreDataToDoUITests */ = {
			isa = PBXGroup;
			children = (
				CA6B1D7122B241CB0029BC9E /* CoreDataToDoUITests.swift */,
				CA6B1D7322B241CB0029BC9E /* Info.plist */,
			);
			path = CoreDataToDoUITests;
			sourceTree = "<group>";
		};
/* End PBXGroup section */

/* Begin PBXNativeTarget section */
		CA6B1D4A22B241C90029BC9E /* CoreDataToDo */ = {
			isa = PBXNativeTarget;
			buildConfigurationList = CA6B1D7622B241CB0029BC9E /* Build configuration list for PBXNativeTarget "CoreDataToDo" */;
			buildPhases = (
				CA6B1D4722B241C90029BC9E /* Sources */,
				CA6B1D4822B241C90029BC9E /* Frameworks */,
				CA6B1D4922B241C90029BC9E /* Resources */,
			);
			buildRules = (
			);
			dependencies = (
			);
			name = CoreDataToDo;
			productName = CoreDataToDo;
			productReference = CA6B1D4B22B241C90029BC9E /* CoreDataToDo.app */;
			productType = "com.apple.product-type.application";
		};
		CA6B1D6122B241CB0029BC9E /* CoreDataToDoTests */ = {
			isa = PBXNativeTarget;
			buildConfigurationList = CA6B1D7922B241CB0029BC9E /* Build configuration list for PBXNativeTarget "CoreDataToDoTests" */;
			buildPhases = (
				CA6B1D5E22B241CB0029BC9E /* Sources */,
				CA6B1D5F22B241CB0029BC9E /* Frameworks */,
				CA6B1D6022B241CB0029BC9E /* Resources */,
			);
			buildRules = (
			);
			dependencies = (
				CA6B1D6422B241CB0029BC9E /* PBXTargetDependency */,
			);
			name = CoreDataToDoTests;
			productName = CoreDataToDoTests;
			productReference = CA6B1D6222B241CB0029BC9E /* CoreDataToDoTests.xctest */;
			productType = "com.apple.product-type.bundle.unit-test";
		};
		CA6B1D6C22B241CB0029BC9E /* CoreDataToDoUITests */ = {
			isa = PBXNativeTarget;
			buildConfigurationList = CA6B1D7C22B241CB0029BC9E /* Build configuration list for PBXNativeTarget "CoreDataToDoUITests" */;
			buildPhases = (
				CA6B1D6922B241CB0029BC9E /* Sources */,
				CA6B1D6A22B241CB0029BC9E /* Frameworks */,
				CA6B1D6B22B241CB0029BC9E /* Resources */,
			);
			buildRules = (
			);
			dependencies = (
				CA6B1D6F22B241CB0029BC9E /* PBXTargetDependency */,
			);
			name = CoreDataToDoUITests;
			productName = CoreDataToDoUITests;
			productReference = CA6B1D6D22B241CB0029BC9E /* CoreDataToDoUITests.xctest */;
			productType = "com.apple.product-type.bundle.ui-testing";
		};
/* End PBXNativeTarget section */

/* Begin PBXProject section */
		CA6B1D4322B241C90029BC9E /* Project object */ = {
			isa = PBXProject;
			attributes = {
				LastSwiftUpdateCheck = 1020;
				LastUpgradeCheck = 1020;
				ORGANIZATIONNAME = "Steven Curtis";
				TargetAttributes = {
					CA6B1D4A22B241C90029BC9E = {
						CreatedOnToolsVersion = 10.2.1;
					};
					CA6B1D6122B241CB0029BC9E = {
						CreatedOnToolsVersion = 10.2.1;
						TestTargetID = CA6B1D4A22B241C90029BC9E;
					};
					CA6B1D6C22B241CB0029BC9E = {
						CreatedOnToolsVersion = 10.2.1;
						TestTargetID = CA6B1D4A22B241C90029BC9E;
					};
				};
			};
			buildConfigurationList = CA6B1D4622B241C90029BC9E /* Build configuration list for PBXProject "CoreDataToDo" */;
			compatibilityVersion = "Xcode 9.3";
			developmentRegion = en;
			hasScannedForEncodings = 0;
			knownRegions = (
				en,
				Base,
			);
			mainGroup = CA6B1D4222B241C90029BC9E;
			productRefGroup = CA6B1D4C22B241C90029BC9E /* Products */;
			projectDirPath = "";
			projectRoot = "";
			targets = (
				CA6B1D4A22B241C90029BC9E /* CoreDataToDo */,
				CA6B1D6122B241CB0029BC9E /* CoreDataToDoTests */,
				CA6B1D6C22B241CB0029BC9E /* CoreDataToDoUITests */,
			);
		};
/* End PBXProject section */

/* Begin PBXResourcesBuildPhase section */
		CA6B1D4922B241C90029BC9E /* Resources */ = {
			isa = PBXResourcesBuildPhase;
			buildActionMask = 2147483647;
			files = (
				CA6B1D5C22B241CB0029BC9E /* LaunchScreen.storyboard in Resources */,
				CA6B1D5922B241CB0029BC9E /* Assets.xcassets in Resources */,
				CA6B1D5422B241C90029BC9E /* Main.storyboard in Resources */,
			);
			runOnlyForDeploymentPostprocessing = 0;
		};
		CA6B1D6022B241CB0029BC9E /* Resources */ = {
			isa = PBXResourcesBuildPhase;
			buildActionMask = 2147483647;
			files = (
			);
			runOnlyForDeploymentPostprocessing = 0;
		};
		CA6B1D6B22B241CB0029BC9E /* Resources */ = {
			isa = PBXResourcesBuildPhase;
			buildActionMask = 2147483647;
			files = (
			);
			runOnlyForDeploymentPostprocessing = 0;
		};
/* End PBXResourcesBuildPhase section */

/* Begin PBXSourcesBuildPhase section */
		CA6B1D4722B241C90029BC9E /* Sources */ = {
			isa = PBXSourcesBuildPhase;
			buildActionMask = 2147483647;
			files = (
				CA6B1D5122B241C90029BC9E /* ViewController.swift in Sources */,
				CA6B1D4F22B241C90029BC9E /* AppDelegate.swift in Sources */,
				CA6B1D5722B241C90029BC9E /* CoreDataToDo.xcdatamodeld in Sources */,
				CA6B1D8022B243260029BC9E /* Constants.swift in Sources */,
			);
			runOnlyForDeploymentPostprocessing = 0;
		};
		CA6B1D5E22B241CB0029BC9E /* Sources */ = {
			isa = PBXSourcesBuildPhase;
			buildActionMask = 2147483647;
			files = (
				CA6B1D6722B241CB0029BC9E /* CoreDataToDoTests.swift in Sources */,
			);
			runOnlyForDeploymentPostprocessing = 0;
		};
		CA6B1D6922B241CB0029BC9E /* Sources */ = {
			isa = PBXSourcesBuildPhase;
			buildActionMask = 2147483647;
			files = (
				CA6B1D7222B241CB0029BC9E /* CoreDataToDoUITests.swift in Sources */,
			);
			runOnlyForDeploymentPostprocessing = 0;
		};
/* End PBXSourcesBuildPhase section */

/* Begin PBXTargetDependency section */
		CA6B1D6422B241CB0029BC9E /* PBXTargetDependency */ = {
			isa = PBXTargetDependency;
			target = CA6B1D4A22B241C90029BC9E /* CoreDataToDo */;
			targetProxy = CA6B1D6322B241CB0029BC9E /* PBXContainerItemProxy */;
		};
		CA6B1D6F22B241CB0029BC9E /* PBXTargetDependency */ = {
			isa = PBXTargetDependency;
			target = CA6B1D4A22B241C90029BC9E /* CoreDataToDo */;
			targetProxy = CA6B1D6E22B241CB0029BC9E /* PBXContainerItemProxy */;
		};
/* End PBXTargetDependency section */

/* Begin PBXVariantGroup section */
		CA6B1D5222B241C90029BC9E /* Main.storyboard */ = {
			isa = PBXVariantGroup;
			children = (
				CA6B1D5322B241C90029BC9E /* Base */,
			);
			name = Main.storyboard;
			sourceTree = "<group>";
		};
		CA6B1D5A22B241CB0029BC9E /* LaunchScreen.storyboard */ = {
			isa = PBXVariantGroup;
			children = (
				CA6B1D5B22B241CB0029BC9E /* Base */,
			);
			name = LaunchScreen.storyboard;
			sourceTree = "<group>";
		};
/* End PBXVariantGroup section */

/* Begin XCBuildConfiguration section */
		CA6B1D7422B241CB0029BC9E /* Debug */ = {
			isa = XCBuildConfiguration;
			buildSettings = {
				ALWAYS_SEARCH_USER_PATHS = NO;
				CLANG_ANALYZER_NONNULL = YES;
				CLANG_ANALYZER_NUMBER_OBJECT_CONVERSION = YES_AGGRESSIVE;
				CLANG_CXX_LANGUAGE_STANDARD = "gnu++14";
				CLANG_CXX_LIBRARY = "libc++";
				CLANG_ENABLE_MODULES = YES;
				CLANG_ENABLE_OBJC_ARC = YES;
				CLANG_ENABLE_OBJC_WEAK = YES;
				CLANG_WARN_BLOCK_CAPTURE_AUTORELEASING = YES;
				CLANG_WARN_BOOL_CONVERSION = YES;
				CLANG_WARN_COMMA = YES;
				CLANG_WARN_CONSTANT_CONVERSION = YES;
				CLANG_WARN_DEPRECATED_OBJC_IMPLEMENTATIONS = YES;
				CLANG_WARN_DIRECT_OBJC_ISA_USAGE = YES_ERROR;
				CLANG_WARN_DOCUMENTATION_COMMENTS = YES;
				CLANG_WARN_EMPTY_BODY = YES;
				CLANG_WARN_ENUM_CONVERSION = YES;
				CLANG_WARN_INFINITE_RECURSION = YES;
				CLANG_WARN_INT_CONVERSION = YES;
				CLANG_WARN_NON_LITERAL_NULL_CONVERSION = YES;
				CLANG_WARN_OBJC_IMPLICIT_RETAIN_SELF = YES;
				CLANG_WARN_OBJC_LITERAL_CONVERSION = YES;
				CLANG_WARN_OBJC_ROOT_CLASS = YES_ERROR;
				CLANG_WARN_RANGE_LOOP_ANALYSIS = YES;
				CLANG_WARN_STRICT_PROTOTYPES = YES;
				CLANG_WARN_SUSPICIOUS_MOVE = YES;
				CLANG_WARN_UNGUARDED_AVAILABILITY = YES_AGGRESSIVE;
				CLANG_WARN_UNREACHABLE_CODE = YES;
				CLANG_WARN__DUPLICATE_METHOD_MATCH = YES;
				CODE_SIGN_IDENTITY = "iPhone Developer";
				COPY_PHASE_STRIP = NO;
				DEBUG_INFORMATION_FORMAT = dwarf;
				ENABLE_STRICT_OBJC_MSGSEND = YES;
				ENABLE_TESTABILITY = YES;
				GCC_C_LANGUAGE_STANDARD = gnu11;
				GCC_DYNAMIC_NO_PIC = NO;
				GCC_NO_COMMON_BLOCKS = YES;
				GCC_OPTIMIZATION_LEVEL = 0;
				GCC_PREPROCESSOR_DEFINITIONS = (
					"DEBUG=1",
					"$(inherited)",
				);
				GCC_WARN_64_TO_32_BIT_CONVERSION = YES;
				GCC_WARN_ABOUT_RETURN_TYPE = YES_ERROR;
				GCC_WARN_UNDECLARED_SELECTOR = YES;
				GCC_WARN_UNINITIALIZED_AUTOS = YES_AGGRESSIVE;
				GCC_WARN_UNUSED_FUNCTION = YES;
				GCC_WARN_UNUSED_VARIABLE = YES;
				IPHONEOS_DEPLOYMENT_TARGET = 12.2;
				MTL_ENABLE_DEBUG_INFO = INCLUDE_SOURCE;
				MTL_FAST_MATH = YES;
				ONLY_ACTIVE_ARCH = YES;
				SDKROOT = iphoneos;
				SWIFT_ACTIVE_COMPILATION_CONDITIONS = DEBUG;
				SWIFT_OPTIMIZATION_LEVEL = "-Onone";
			};
			name = Debug;
		};
		CA6B1D7522B241CB0029BC9E /* Release */ = {
			isa = XCBuildConfiguration;
			buildSettings = {
				ALWAYS_SEARCH_USER_PATHS = NO;
				CLANG_ANALYZER_NONNULL = YES;
				CLANG_ANALYZER_NUMBER_OBJECT_CONVERSION = YES_AGGRESSIVE;
				CLANG_CXX_LANGUAGE_STANDARD = "gnu++14";
				CLANG_CXX_LIBRARY = "libc++";
				CLANG_ENABLE_MODULES = YES;
				CLANG_ENABLE_OBJC_ARC = YES;
				CLANG_ENABLE_OBJC_WEAK = YES;
				CLANG_WARN_BLOCK_CAPTURE_AUTORELEASING = YES;
				CLANG_WARN_BOOL_CONVERSION = YES;
				CLANG_WARN_COMMA = YES;
				CLANG_WARN_CONSTANT_CONVERSION = YES;
				CLANG_WARN_DEPRECATED_OBJC_IMPLEMENTATIONS = YES;
				CLANG_WARN_DIRECT_OBJC_ISA_USAGE = YES_ERROR;
				CLANG_WARN_DOCUMENTATION_COMMENTS = YES;
				CLANG_WARN_EMPTY_BODY = YES;
				CLANG_WARN_ENUM_CONVERSION = YES;
				CLANG_WARN_INFINITE_RECURSION = YES;
				CLANG_WARN_INT_CONVERSION = YES;
				CLANG_WARN_NON_LITERAL_NULL_CONVERSION = YES;
				CLANG_WARN_OBJC_IMPLICIT_RETAIN_SELF = YES;
				CLANG_WARN_OBJC_LITERAL_CONVERSION = YES;
				CLANG_WARN_OBJC_ROOT_CLASS = YES_ERROR;
				CLANG_WARN_RANGE_LOOP_ANALYSIS = YES;
				CLANG_WARN_STRICT_PROTOTYPES = YES;
				CLANG_WARN_SUSPICIOUS_MOVE = YES;
				CLANG_WARN_UNGUARDED_AVAILABILITY = YES_AGGRESSIVE;
				CLANG_WARN_UNREACHABLE_CODE = YES;
				CLANG_WARN__DUPLICATE_METHOD_MATCH = YES;
				CODE_SIGN_IDENTITY = "iPhone Developer";
				COPY_PHASE_STRIP = NO;
				DEBUG_INFORMATION_FORMAT = "dwarf-with-dsym";
				ENABLE_NS_ASSERTIONS = NO;
				ENABLE_STRICT_OBJC_MSGSEND = YES;
				GCC_C_LANGUAGE_STANDARD = gnu11;
				GCC_NO_COMMON_BLOCKS = YES;
				GCC_WARN_64_TO_32_BIT_CONVERSION = YES;
				GCC_WARN_ABOUT_RETURN_TYPE = YES_ERROR;
				GCC_WARN_UNDECLARED_SELECTOR = YES;
				GCC_WARN_UNINITIALIZED_AUTOS = YES_AGGRESSIVE;
				GCC_WARN_UNUSED_FUNCTION = YES;
				GCC_WARN_UNUSED_VARIABLE = YES;
				IPHONEOS_DEPLOYMENT_TARGET = 12.2;
				MTL_ENABLE_DEBUG_INFO = NO;
				MTL_FAST_MATH = YES;
				SDKROOT = iphoneos;
				SWIFT_COMPILATION_MODE = wholemodule;
				SWIFT_OPTIMIZATION_LEVEL = "-O";
				VALIDATE_PRODUCT = YES;
			};
			name = Release;
		};
		CA6B1D7722B241CB0029BC9E /* Debug */ = {
			isa = XCBuildConfiguration;
			buildSettings = {
				ASSETCATALOG_COMPILER_APPICON_NAME = AppIcon;
				CODE_SIGN_STYLE = Automatic;
				DEVELOPMENT_TEAM = UW69ZFFDZJ;
				INFOPLIST_FILE = CoreDataToDo/Info.plist;
				LD_RUNPATH_SEARCH_PATHS = (
					"$(inherited)",
					"@executable_path/Frameworks",
				);
				PRODUCT_BUNDLE_IDENTIFIER = com.studeapps.CoreDataToDo;
				PRODUCT_NAME = "$(TARGET_NAME)";
				SWIFT_VERSION = 5.0;
				TARGETED_DEVICE_FAMILY = "1,2";
			};
			name = Debug;
		};
		CA6B1D7822B241CB0029BC9E /* Release */ = {
			isa = XCBuildConfiguration;
			buildSettings = {
				ASSETCATALOG_COMPILER_APPICON_NAME = AppIcon;
				CODE_SIGN_STYLE = Automatic;
				DEVELOPMENT_TEAM = UW69ZFFDZJ;
				INFOPLIST_FILE = CoreDataToDo/Info.plist;
				LD_RUNPATH_SEARCH_PATHS = (
					"$(inherited)",
					"@executable_path/Frameworks",
				);
				PRODUCT_BUNDLE_IDENTIFIER = com.studeapps.CoreDataToDo;
				PRODUCT_NAME = "$(TARGET_NAME)";
				SWIFT_VERSION = 5.0;
				TARGETED_DEVICE_FAMILY = "1,2";
			};
			name = Release;
		};
		CA6B1D7A22B241CB0029BC9E /* Debug */ = {
			isa = XCBuildConfiguration;
			buildSettings = {
				ALWAYS_EMBED_SWIFT_STANDARD_LIBRARIES = YES;
				BUNDLE_LOADER = "$(TEST_HOST)";
				CODE_SIGN_STYLE = Automatic;
				DEVELOPMENT_TEAM = UW69ZFFDZJ;
				INFOPLIST_FILE = CoreDataToDoTests/Info.plist;
				LD_RUNPATH_SEARCH_PATHS = (
					"$(inherited)",
					"@executable_path/Frameworks",
					"@loader_path/Frameworks",
				);
				PRODUCT_BUNDLE_IDENTIFIER = com.studeapps.CoreDataToDoTests;
				PRODUCT_NAME = "$(TARGET_NAME)";
				SWIFT_VERSION = 5.0;
				TARGETED_DEVICE_FAMILY = "1,2";
				TEST_HOST = "$(BUILT_PRODUCTS_DIR)/CoreDataToDo.app/CoreDataToDo";
			};
			name = Debug;
		};
		CA6B1D7B22B241CB0029BC9E /* Release */ = {
			isa = XCBuildConfiguration;
			buildSettings = {
				ALWAYS_EMBED_SWIFT_STANDARD_LIBRARIES = YES;
				BUNDLE_LOADER = "$(TEST_HOST)";
				CODE_SIGN_STYLE = Automatic;
				DEVELOPMENT_TEAM = UW69ZFFDZJ;
				INFOPLIST_FILE = CoreDataToDoTests/Info.plist;
				LD_RUNPATH_SEARCH_PATHS = (
					"$(inherited)",
					"@executable_path/Frameworks",
					"@loader_path/Frameworks",
				);
				PRODUCT_BUNDLE_IDENTIFIER = com.studeapps.CoreDataToDoTests;
				PRODUCT_NAME = "$(TARGET_NAME)";
				SWIFT_VERSION = 5.0;
				TARGETED_DEVICE_FAMILY = "1,2";
				TEST_HOST = "$(BUILT_PRODUCTS_DIR)/CoreDataToDo.app/CoreDataToDo";
			};
			name = Release;
		};
		CA6B1D7D22B241CB0029BC9E /* Debug */ = {
			isa = XCBuildConfiguration;
			buildSettings = {
				ALWAYS_EMBED_SWIFT_STANDARD_LIBRARIES = YES;
				CODE_SIGN_STYLE = Automatic;
				DEVELOPMENT_TEAM = UW69ZFFDZJ;
				INFOPLIST_FILE = CoreDataToDoUITests/Info.plist;
				LD_RUNPATH_SEARCH_PATHS = (
					"$(inherited)",
					"@executable_path/Frameworks",
					"@loader_path/Frameworks",
				);
				PRODUCT_BUNDLE_IDENTIFIER = com.studeapps.CoreDataToDoUITests;
				PRODUCT_NAME = "$(TARGET_NAME)";
				SWIFT_VERSION = 5.0;
				TARGETED_DEVICE_FAMILY = "1,2";
				TEST_TARGET_NAME = CoreDataToDo;
			};
			name = Debug;
		};
		CA6B1D7E22B241CB0029BC9E /* Release */ = {
			isa = XCBuildConfiguration;
			buildSettings = {
				ALWAYS_EMBED_SWIFT_STANDARD_LIBRARIES = YES;
				CODE_SIGN_STYLE = Automatic;
				DEVELOPMENT_TEAM = UW69ZFFDZJ;
				INFOPLIST_FILE = CoreDataToDoUITests/Info.plist;
				LD_RUNPATH_SEARCH_PATHS = (
					"$(inherited)",
					"@executable_path/Frameworks",
					"@loader_path/Frameworks",
				);
				PRODUCT_BUNDLE_IDENTIFIER = com.studeapps.CoreDataToDoUITests;
				PRODUCT_NAME = "$(TARGET_NAME)";
				SWIFT_VERSION = 5.0;
				TARGETED_DEVICE_FAMILY = "1,2";
				TEST_TARGET_NAME = CoreDataToDo;
			};
			name = Release;
		};
/* End XCBuildConfiguration section */

/* Begin XCConfigurationList section */
		CA6B1D4622B241C90029BC9E /* Build configuration list for PBXProject "CoreDataToDo" */ = {
			isa = XCConfigurationList;
			buildConfigurations = (
				CA6B1D7422B241CB0029BC9E /* Debug */,
				CA6B1D7522B241CB0029BC9E /* Release */,
			);
			defaultConfigurationIsVisible = 0;
			defaultConfigurationName = Release;
		};
		CA6B1D7622B241CB0029BC9E /* Build configuration list for PBXNativeTarget "CoreDataToDo" */ = {
			isa = XCConfigurationList;
			buildConfigurations = (
				CA6B1D7722B241CB0029BC9E /* Debug */,
				CA6B1D7822B241CB0029BC9E /* Release */,
			);
			defaultConfigurationIsVisible = 0;
			defaultConfigurationName = Release;
		};
		CA6B1D7922B241CB0029BC9E /* Build configuration list for PBXNativeTarget "CoreDataToDoTests" */ = {
			isa = XCConfigurationList;
			buildConfigurations = (
				CA6B1D7A22B241CB0029BC9E /* Debug */,
				CA6B1D7B22B241CB0029BC9E /* Release */,
			);
			defaultConfigurationIsVisible = 0;
			defaultConfigurationName = Release;
		};
		CA6B1D7C22B241CB0029BC9E /* Build configuration list for PBXNativeTarget "CoreDataToDoUITests" */ = {
			isa = XCConfigurationList;
			buildConfigurations = (
				CA6B1D7D22B241CB0029BC9E /* Debug */,
				CA6B1D7E22B241CB0029BC9E /* Release */,
			);
			defaultConfigurationIsVisible = 0;
			defaultConfigurationName = Release;
		};
/* End XCConfigurationList section */

/* Begin XCVersionGroup section */
		CA6B1D5522B241C90029BC9E /* CoreDataToDo.xcdatamodeld */ = {
			isa = XCVersionGroup;
			children = (
				CA6B1D5622B241C90029BC9E /* CoreDataToDo.xcdatamodel */,
			);
			currentVersion = CA6B1D5622B241C90029BC9E /* CoreDataToDo.xcdatamodel */;
			path = CoreDataToDo.xcdatamodeld;
			sourceTree = "<group>";
			versionGroupType = wrapper.xcdatamodel;
		};
/* End XCVersionGroup section */
	};
	rootObject = CA6B1D4322B241C90029BC9E /* Project object */;
}
